// !$*UTF8*$!
{
	archiveVersion = 1;
	classes = {
	};
	objectVersion = 50;
	objects = {

/* Begin PBXBuildFile section */
		6BDAA1F02343D1AF000DCEE6 /* AppDelegate.swift in Sources */ = {isa = PBXBuildFile; fileRef = 6BDAA1EF2343D1AF000DCEE6 /* AppDelegate.swift */; };
		6BDAA1F22343D1AF000DCEE6 /* ImageViewController.swift in Sources */ = {isa = PBXBuildFile; fileRef = 6BDAA1F12343D1AF000DCEE6 /* ImageViewController.swift */; };
		6BDAA1F52343D1AF000DCEE6 /* Main.storyboard in Resources */ = {isa = PBXBuildFile; fileRef = 6BDAA1F32343D1AF000DCEE6 /* Main.storyboard */; };
		6BDAA1F72343D1B1000DCEE6 /* Assets.xcassets in Resources */ = {isa = PBXBuildFile; fileRef = 6BDAA1F62343D1B1000DCEE6 /* Assets.xcassets */; };
		6BDAA1FA2343D1B1000DCEE6 /* LaunchScreen.storyboard in Resources */ = {isa = PBXBuildFile; fileRef = 6BDAA1F82343D1B1000DCEE6 /* LaunchScreen.storyboard */; };
		6BDAA2052343D1B1000DCEE6 /* image_picker_LabTests.swift in Sources */ = {isa = PBXBuildFile; fileRef = 6BDAA2042343D1B1000DCEE6 /* image_picker_LabTests.swift */; };
/* End PBXBuildFile section */

/* Begin PBXContainerItemProxy section */
		6BDAA2012343D1B1000DCEE6 /* PBXContainerItemProxy */ = {
			isa = PBXContainerItemProxy;
			containerPortal = 6BDAA1E42343D1AF000DCEE6 /* Project object */;
			proxyType = 1;
			remoteGlobalIDString = 6BDAA1EB2343D1AF000DCEE6;
			remoteInfo = "image-picker-Lab";
		};
/* End PBXContainerItemProxy section */

/* Begin PBXFileReference section */
		6BDAA1EC2343D1AF000DCEE6 /* image-picker-Lab.app */ = {isa = PBXFileReference; explicitFileType = wrapper.application; includeInIndex = 0; path = "image-picker-Lab.app"; sourceTree = BUILT_PRODUCTS_DIR; };
		6BDAA1EF2343D1AF000DCEE6 /* AppDelegate.swift */ = {isa = PBXFileReference; lastKnownFileType = sourcecode.swift; path = AppDelegate.swift; sourceTree = "<group>"; };
		6BDAA1F12343D1AF000DCEE6 /* ImageViewController.swift */ = {isa = PBXFileReference; lastKnownFileType = sourcecode.swift; path = ImageViewController.swift; sourceTree = "<group>"; };
		6BDAA1F42343D1AF000DCEE6 /* Base */ = {isa = PBXFileReference; lastKnownFileType = file.storyboard; name = Base; path = Base.lproj/Main.storyboard; sourceTree = "<group>"; };
		6BDAA1F62343D1B1000DCEE6 /* Assets.xcassets */ = {isa = PBXFileReference; lastKnownFileType = folder.assetcatalog; path = Assets.xcassets; sourceTree = "<group>"; };
		6BDAA1F92343D1B1000DCEE6 /* Base */ = {isa = PBXFileReference; lastKnownFileType = file.storyboard; name = Base; path = Base.lproj/LaunchScreen.storyboard; sourceTree = "<group>"; };
		6BDAA1FB2343D1B1000DCEE6 /* Info.plist */ = {isa = PBXFileReference; lastKnownFileType = text.plist.xml; path = Info.plist; sourceTree = "<group>"; };
		6BDAA2002343D1B1000DCEE6 /* image-picker-LabTests.xctest */ = {isa = PBXFileReference; explicitFileType = wrapper.cfbundle; includeInIndex = 0; path = "image-picker-LabTests.xctest"; sourceTree = BUILT_PRODUCTS_DIR; };
		6BDAA2042343D1B1000DCEE6 /* image_picker_LabTests.swift */ = {isa = PBXFileReference; lastKnownFileType = sourcecode.swift; path = image_picker_LabTests.swift; sourceTree = "<group>"; };
		6BDAA2062343D1B1000DCEE6 /* Info.plist */ = {isa = PBXFileReference; lastKnownFileType = text.plist.xml; path = Info.plist; sourceTree = "<group>"; };
/* End PBXFileReference section */

/* Begin PBXFrameworksBuildPhase section */
		6BDAA1E92343D1AF000DCEE6 /* Frameworks */ = {
			isa = PBXFrameworksBuildPhase;
			buildActionMask = 2147483647;
			files = (
			);
			runOnlyForDeploymentPostprocessing = 0;
		};
		6BDAA1FD2343D1B1000DCEE6 /* Frameworks */ = {
			isa = PBXFrameworksBuildPhase;
			buildActionMask = 2147483647;
			files = (
			);
			runOnlyForDeploymentPostprocessing = 0;
		};
/* End PBXFrameworksBuildPhase section */

/* Begin PBXGroup section */
		6BDAA1E32343D1AF000DCEE6 = {
			isa = PBXGroup;
			children = (
				6BDAA1EE2343D1AF000DCEE6 /* image-picker-Lab */,
				6BDAA2032343D1B1000DCEE6 /* image-picker-LabTests */,
				6BDAA1ED2343D1AF000DCEE6 /* Products */,
			);
			sourceTree = "<group>";
		};
		6BDAA1ED2343D1AF000DCEE6 /* Products */ = {
			isa = PBXGroup;
			children = (
				6BDAA1EC2343D1AF000DCEE6 /* image-picker-Lab.app */,
				6BDAA2002343D1B1000DCEE6 /* image-picker-LabTests.xctest */,
			);
			name = Products;
			sourceTree = "<group>";
		};
		6BDAA1EE2343D1AF000DCEE6 /* image-picker-Lab */ = {
			isa = PBXGroup;
			children = (
				6BDAA1EF2343D1AF000DCEE6 /* AppDelegate.swift */,
				6BDAA1F12343D1AF000DCEE6 /* ImageViewController.swift */,
				6BDAA1F32343D1AF000DCEE6 /* Main.storyboard */,
				6BDAA1F62343D1B1000DCEE6 /* Assets.xcassets */,
				6BDAA1F82343D1B1000DCEE6 /* LaunchScreen.storyboard */,
				6BDAA1FB2343D1B1000DCEE6 /* Info.plist */,
			);
			path = "image-picker-Lab";
			sourceTree = "<group>";
		};
		6BDAA2032343D1B1000DCEE6 /* image-picker-LabTests */ = {
			isa = PBXGroup;
			children = (
				6BDAA2042343D1B1000DCEE6 /* image_picker_LabTests.swift */,
				6BDAA2062343D1B1000DCEE6 /* Info.plist */,
			);
			path = "image-picker-LabTests";
			sourceTree = "<group>";
		};
/* End PBXGroup section */

/* Begin PBXNativeTarget section */
		6BDAA1EB2343D1AF000DCEE6 /* image-picker-Lab */ = {
			isa = PBXNativeTarget;
			buildConfigurationList = 6BDAA2092343D1B1000DCEE6 /* Build configuration list for PBXNativeTarget "image-picker-Lab" */;
			buildPhases = (
				6BDAA1E82343D1AF000DCEE6 /* Sources */,
				6BDAA1E92343D1AF000DCEE6 /* Frameworks */,
				6BDAA1EA2343D1AF000DCEE6 /* Resources */,
			);
			buildRules = (
			);
			dependencies = (
			);
			name = "image-picker-Lab";
			productName = "image-picker-Lab";
			productReference = 6BDAA1EC2343D1AF000DCEE6 /* image-picker-Lab.app */;
			productType = "com.apple.product-type.application";
		};
		6BDAA1FF2343D1B1000DCEE6 /* image-picker-LabTests */ = {
			isa = PBXNativeTarget;
			buildConfigurationList = 6BDAA20C2343D1B1000DCEE6 /* Build configuration list for PBXNativeTarget "image-picker-LabTests" */;
			buildPhases = (
				6BDAA1FC2343D1B1000DCEE6 /* Sources */,
				6BDAA1FD2343D1B1000DCEE6 /* Frameworks */,
				6BDAA1FE2343D1B1000DCEE6 /* Resources */,
			);
			buildRules = (
			);
			dependencies = (
				6BDAA2022343D1B1000DCEE6 /* PBXTargetDependency */,
			);
			name = "image-picker-LabTests";
			productName = "image-picker-LabTests";
			productReference = 6BDAA2002343D1B1000DCEE6 /* image-picker-LabTests.xctest */;
			productType = "com.apple.product-type.bundle.unit-test";
		};
/* End PBXNativeTarget section */

/* Begin PBXProject section */
		6BDAA1E42343D1AF000DCEE6 /* Project object */ = {
			isa = PBXProject;
			attributes = {
				LastSwiftUpdateCheck = 1020;
				LastUpgradeCheck = 1020;
				ORGANIZATIONNAME = "Kary Martinez";
				TargetAttributes = {
					6BDAA1EB2343D1AF000DCEE6 = {
						CreatedOnToolsVersion = 10.2.1;
					};
					6BDAA1FF2343D1B1000DCEE6 = {
						CreatedOnToolsVersion = 10.2.1;
						TestTargetID = 6BDAA1EB2343D1AF000DCEE6;
					};
				};
			};
			buildConfigurationList = 6BDAA1E72343D1AF000DCEE6 /* Build configuration list for PBXProject "image-picker-Lab" */;
			compatibilityVersion = "Xcode 9.3";
			developmentRegion = en;
			hasScannedForEncodings = 0;
			knownRegions = (
				en,
				Base,
			);
			mainGroup = 6BDAA1E32343D1AF000DCEE6;
			productRefGroup = 6BDAA1ED2343D1AF000DCEE6 /* Products */;
			projectDirPath = "";
			projectRoot = "";
			targets = (
				6BDAA1EB2343D1AF000DCEE6 /* image-picker-Lab */,
				6BDAA1FF2343D1B1000DCEE6 /* image-picker-LabTests */,
			);
		};
/* End PBXProject section */

/* Begin PBXResourcesBuildPhase section */
		6BDAA1EA2343D1AF000DCEE6 /* Resources */ = {
			isa = PBXResourcesBuildPhase;
			buildActionMask = 2147483647;
			files = (
				6BDAA1FA2343D1B1000DCEE6 /* LaunchScreen.storyboard in Resources */,
				6BDAA1F72343D1B1000DCEE6 /* Assets.xcassets in Resources */,
				6BDAA1F52343D1AF000DCEE6 /* Main.storyboard in Resources */,
			);
			runOnlyForDeploymentPostprocessing = 0;
		};
		6BDAA1FE2343D1B1000DCEE6 /* Resources */ = {
			isa = PBXResourcesBuildPhase;
			buildActionMask = 2147483647;
			files = (
			);
			runOnlyForDeploymentPostprocessing = 0;
		};
/* End PBXResourcesBuildPhase section */

/* Begin PBXSourcesBuildPhase section */
		6BDAA1E82343D1AF000DCEE6 /* Sources */ = {
			isa = PBXSourcesBuildPhase;
			buildActionMask = 2147483647;
			files = (
				6BDAA1F22343D1AF000DCEE6 /* ImageViewController.swift in Sources */,
				6BDAA1F02343D1AF000DCEE6 /* AppDelegate.swift in Sources */,
			);
			runOnlyForDeploymentPostprocessing = 0;
		};
		6BDAA1FC2343D1B1000DCEE6 /* Sources */ = {
			isa = PBXSourcesBuildPhase;
			buildActionMask = 2147483647;
			files = (
				6BDAA2052343D1B1000DCEE6 /* image_picker_LabTests.swift in Sources */,
			);
			runOnlyForDeploymentPostprocessing = 0;
		};
/* End PBXSourcesBuildPhase section */

/* Begin PBXTargetDependency section */
		6BDAA2022343D1B1000DCEE6 /* PBXTargetDependency */ = {
			isa = PBXTargetDependency;
			target = 6BDAA1EB2343D1AF000DCEE6 /* image-picker-Lab */;
			targetProxy = 6BDAA2012343D1B1000DCEE6 /* PBXContainerItemProxy */;
		};
/* End PBXTargetDependency section */

/* Begin PBXVariantGroup section */
		6BDAA1F32343D1AF000DCEE6 /* Main.storyboard */ = {
			isa = PBXVariantGroup;
			children = (
				6BDAA1F42343D1AF000DCEE6 /* Base */,
			);
			name = Main.storyboard;
			sourceTree = "<group>";
		};
		6BDAA1F82343D1B1000DCEE6 /* LaunchScreen.storyboard */ = {
			isa = PBXVariantGroup;
			children = (
				6BDAA1F92343D1B1000DCEE6 /* Base */,
			);
			name = LaunchScreen.storyboard;
			sourceTree = "<group>";
		};
/* End PBXVariantGroup section */

/* Begin XCBuildConfiguration section */
		6BDAA2072343D1B1000DCEE6 /* Debug */ = {
			isa = XCBuildConfiguration;
			buildSettings = {
				ALWAYS_SEARCH_USER_PATHS = NO;
				CLANG_ANALYZER_NONNULL = YES;
				CLANG_ANALYZER_NUMBER_OBJECT_CONVERSION = YES_AGGRESSIVE;
				CLANG_CXX_LANGUAGE_STANDARD = "gnu++14";
				CLANG_CXX_LIBRARY = "libc++";
				CLANG_ENABLE_MODULES = YES;
				CLANG_ENABLE_OBJC_ARC = YES;
				CLANG_ENABLE_OBJC_WEAK = YES;
				CLANG_WARN_BLOCK_CAPTURE_AUTORELEASING = YES;
				CLANG_WARN_BOOL_CONVERSION = YES;
				CLANG_WARN_COMMA = YES;
				CLANG_WARN_CONSTANT_CONVERSION = YES;
				CLANG_WARN_DEPRECATED_OBJC_IMPLEMENTATIONS = YES;
				CLANG_WARN_DIRECT_OBJC_ISA_USAGE = YES_ERROR;
				CLANG_WARN_DOCUMENTATION_COMMENTS = YES;
				CLANG_WARN_EMPTY_BODY = YES;
				CLANG_WARN_ENUM_CONVERSION = YES;
				CLANG_WARN_INFINITE_RECURSION = YES;
				CLANG_WARN_INT_CONVERSION = YES;
				CLANG_WARN_NON_LITERAL_NULL_CONVERSION = YES;
				CLANG_WARN_OBJC_IMPLICIT_RETAIN_SELF = YES;
				CLANG_WARN_OBJC_LITERAL_CONVERSION = YES;
				CLANG_WARN_OBJC_ROOT_CLASS = YES_ERROR;
				CLANG_WARN_RANGE_LOOP_ANALYSIS = YES;
				CLANG_WARN_STRICT_PROTOTYPES = YES;
				CLANG_WARN_SUSPICIOUS_MOVE = YES;
				CLANG_WARN_UNGUARDED_AVAILABILITY = YES_AGGRESSIVE;
				CLANG_WARN_UNREACHABLE_CODE = YES;
				CLANG_WARN__DUPLICATE_METHOD_MATCH = YES;
				CODE_SIGN_IDENTITY = "iPhone Developer";
				COPY_PHASE_STRIP = NO;
				DEBUG_INFORMATION_FORMAT = dwarf;
				ENABLE_STRICT_OBJC_MSGSEND = YES;
				ENABLE_TESTABILITY = YES;
				GCC_C_LANGUAGE_STANDARD = gnu11;
				GCC_DYNAMIC_NO_PIC = NO;
				GCC_NO_COMMON_BLOCKS = YES;
				GCC_OPTIMIZATION_LEVEL = 0;
				GCC_PREPROCESSOR_DEFINITIONS = (
					"DEBUG=1",
					"$(inherited)",
				);
				GCC_WARN_64_TO_32_BIT_CONVERSION = YES;
				GCC_WARN_ABOUT_RETURN_TYPE = YES_ERROR;
				GCC_WARN_UNDECLARED_SELECTOR = YES;
				GCC_WARN_UNINITIALIZED_AUTOS = YES_AGGRESSIVE;
				GCC_WARN_UNUSED_FUNCTION = YES;
				GCC_WARN_UNUSED_VARIABLE = YES;
				IPHONEOS_DEPLOYMENT_TARGET = 12.2;
				MTL_ENABLE_DEBUG_INFO = INCLUDE_SOURCE;
				MTL_FAST_MATH = YES;
				ONLY_ACTIVE_ARCH = YES;
				SDKROOT = iphoneos;
				SWIFT_ACTIVE_COMPILATION_CONDITIONS = DEBUG;
				SWIFT_OPTIMIZATION_LEVEL = "-Onone";
			};
			name = Debug;
		};
		6BDAA2082343D1B1000DCEE6 /* Release */ = {
			isa = XCBuildConfiguration;
			buildSettings = {
				ALWAYS_SEARCH_USER_PATHS = NO;
				CLANG_ANALYZER_NONNULL = YES;
				CLANG_ANALYZER_NUMBER_OBJECT_CONVERSION = YES_AGGRESSIVE;
				CLANG_CXX_LANGUAGE_STANDARD = "gnu++14";
				CLANG_CXX_LIBRARY = "libc++";
				CLANG_ENABLE_MODULES = YES;
				CLANG_ENABLE_OBJC_ARC = YES;
				CLANG_ENABLE_OBJC_WEAK = YES;
				CLANG_WARN_BLOCK_CAPTURE_AUTORELEASING = YES;
				CLANG_WARN_BOOL_CONVERSION = YES;
				CLANG_WARN_COMMA = YES;
				CLANG_WARN_CONSTANT_CONVERSION = YES;
				CLANG_WARN_DEPRECATED_OBJC_IMPLEMENTATIONS = YES;
				CLANG_WARN_DIRECT_OBJC_ISA_USAGE = YES_ERROR;
				CLANG_WARN_DOCUMENTATION_COMMENTS = YES;
				CLANG_WARN_EMPTY_BODY = YES;
				CLANG_WARN_ENUM_CONVERSION = YES;
				CLANG_WARN_INFINITE_RECURSION = YES;
				CLANG_WARN_INT_CONVERSION = YES;
				CLANG_WARN_NON_LITERAL_NULL_CONVERSION = YES;
				CLANG_WARN_OBJC_IMPLICIT_RETAIN_SELF = YES;
				CLANG_WARN_OBJC_LITERAL_CONVERSION = YES;
				CLANG_WARN_OBJC_ROOT_CLASS = YES_ERROR;
				CLANG_WARN_RANGE_LOOP_ANALYSIS = YES;
				CLANG_WARN_STRICT_PROTOTYPES = YES;
				CLANG_WARN_SUSPICIOUS_MOVE = YES;
				CLANG_WARN_UNGUARDED_AVAILABILITY = YES_AGGRESSIVE;
				CLANG_WARN_UNREACHABLE_CODE = YES;
				CLANG_WARN__DUPLICATE_METHOD_MATCH = YES;
				CODE_SIGN_IDENTITY = "iPhone Developer";
				COPY_PHASE_STRIP = NO;
				DEBUG_INFORMATION_FORMAT = "dwarf-with-dsym";
				ENABLE_NS_ASSERTIONS = NO;
				ENABLE_STRICT_OBJC_MSGSEND = YES;
				GCC_C_LANGUAGE_STANDARD = gnu11;
				GCC_NO_COMMON_BLOCKS = YES;
				GCC_WARN_64_TO_32_BIT_CONVERSION = YES;
				GCC_WARN_ABOUT_RETURN_TYPE = YES_ERROR;
				GCC_WARN_UNDECLARED_SELECTOR = YES;
				GCC_WARN_UNINITIALIZED_AUTOS = YES_AGGRESSIVE;
				GCC_WARN_UNUSED_FUNCTION = YES;
				GCC_WARN_UNUSED_VARIABLE = YES;
				IPHONEOS_DEPLOYMENT_TARGET = 12.2;
				MTL_ENABLE_DEBUG_INFO = NO;
				MTL_FAST_MATH = YES;
				SDKROOT = iphoneos;
				SWIFT_COMPILATION_MODE = wholemodule;
				SWIFT_OPTIMIZATION_LEVEL = "-O";
				VALIDATE_PRODUCT = YES;
			};
			name = Release;
		};
		6BDAA20A2343D1B1000DCEE6 /* Debug */ = {
			isa = XCBuildConfiguration;
			buildSettings = {
				ASSETCATALOG_COMPILER_APPICON_NAME = AppIcon;
				CODE_SIGN_STYLE = Automatic;
				INFOPLIST_FILE = "image-picker-Lab/Info.plist";
				LD_RUNPATH_SEARCH_PATHS = (
					"$(inherited)",
					"@executable_path/Frameworks",
				);
				PRODUCT_BUNDLE_IDENTIFIER = "project.image-picker-Lab";
				PRODUCT_NAME = "$(TARGET_NAME)";
				SWIFT_VERSION = 5.0;
				TARGETED_DEVICE_FAMILY = "1,2";
			};
			name = Debug;
		};
		6BDAA20B2343D1B1000DCEE6 /* Release */ = {
			isa = XCBuildConfiguration;
			buildSettings = {
				ASSETCATALOG_COMPILER_APPICON_NAME = AppIcon;
				CODE_SIGN_STYLE = Automatic;
				INFOPLIST_FILE = "image-picker-Lab/Info.plist";
				LD_RUNPATH_SEARCH_PATHS = (
					"$(inherited)",
					"@executable_path/Frameworks",
				);
				PRODUCT_BUNDLE_IDENTIFIER = "project.image-picker-Lab";
				PRODUCT_NAME = "$(TARGET_NAME)";
				SWIFT_VERSION = 5.0;
				TARGETED_DEVICE_FAMILY = "1,2";
			};
			name = Release;
		};
		6BDAA20D2343D1B1000DCEE6 /* Debug */ = {
			isa = XCBuildConfiguration;
			buildSettings = {
				ALWAYS_EMBED_SWIFT_STANDARD_LIBRARIES = YES;
				BUNDLE_LOADER = "$(TEST_HOST)";
				CODE_SIGN_STYLE = Automatic;
				INFOPLIST_FILE = "image-picker-LabTests/Info.plist";
				LD_RUNPATH_SEARCH_PATHS = (
					"$(inherited)",
					"@executable_path/Frameworks",
					"@loader_path/Frameworks",
				);
				PRODUCT_BUNDLE_IDENTIFIER = "project.image-picker-LabTests";
				PRODUCT_NAME = "$(TARGET_NAME)";
				SWIFT_VERSION = 5.0;
				TARGETED_DEVICE_FAMILY = "1,2";
				TEST_HOST = "$(BUILT_PRODUCTS_DIR)/image-picker-Lab.app/image-picker-Lab";
			};
			name = Debug;
		};
		6BDAA20E2343D1B1000DCEE6 /* Release */ = {
			isa = XCBuildConfiguration;
			buildSettings = {
				ALWAYS_EMBED_SWIFT_STANDARD_LIBRARIES = YES;
				BUNDLE_LOADER = "$(TEST_HOST)";
				CODE_SIGN_STYLE = Automatic;
				INFOPLIST_FILE = "image-picker-LabTests/Info.plist";
				LD_RUNPATH_SEARCH_PATHS = (
					"$(inherited)",
					"@executable_path/Frameworks",
					"@loader_path/Frameworks",
				);
				PRODUCT_BUNDLE_IDENTIFIER = "project.image-picker-LabTests";
				PRODUCT_NAME = "$(TARGET_NAME)";
				SWIFT_VERSION = 5.0;
				TARGETED_DEVICE_FAMILY = "1,2";
				TEST_HOST = "$(BUILT_PRODUCTS_DIR)/image-picker-Lab.app/image-picker-Lab";
			};
			name = Release;
		};
/* End XCBuildConfiguration section */

/* Begin XCConfigurationList section */
		6BDAA1E72343D1AF000DCEE6 /* Build configuration list for PBXProject "image-picker-Lab" */ = {
			isa = XCConfigurationList;
			buildConfigurations = (
				6BDAA2072343D1B1000DCEE6 /* Debug */,
				6BDAA2082343D1B1000DCEE6 /* Release */,
			);
			defaultConfigurationIsVisible = 0;
			defaultConfigurationName = Release;
		};
		6BDAA2092343D1B1000DCEE6 /* Build configuration list for PBXNativeTarget "image-picker-Lab" */ = {
			isa = XCConfigurationList;
			buildConfigurations = (
				6BDAA20A2343D1B1000DCEE6 /* Debug */,
				6BDAA20B2343D1B1000DCEE6 /* Release */,
			);
			defaultConfigurationIsVisible = 0;
			defaultConfigurationName = Release;
		};
		6BDAA20C2343D1B1000DCEE6 /* Build configuration list for PBXNativeTarget "image-picker-LabTests" */ = {
			isa = XCConfigurationList;
			buildConfigurations = (
				6BDAA20D2343D1B1000DCEE6 /* Debug */,
				6BDAA20E2343D1B1000DCEE6 /* Release */,
			);
			defaultConfigurationIsVisible = 0;
			defaultConfigurationName = Release;
		};
/* End XCConfigurationList section */
	};
	rootObject = 6BDAA1E42343D1AF000DCEE6 /* Project object */;
}
